
Microsoft Visual Studio Solution File, Format Version 12.00
# Visual Studio Version 16
VisualStudioVersion = 16.0.31112.23
MinimumVisualStudioVersion = 10.0.40219.1
Project("{9A19103F-16F7-4668-BE54-9A1E7A4F7556}") = "RealCalculator", "RealCalculator.csproj", "{DB734F55-9A7F-48B9-9644-7B6A642A194E}"
EndProject
Project("{9A19103F-16F7-4668-BE54-9A1E7A4F7556}") = "AverageNumber", "..\AverageNumber\AverageNumber.csproj", "{7CA3C3C0-2DCA-45F0-94E4-A97F25CAB970}"
EndProject
Project("{9A19103F-16F7-4668-BE54-9A1E7A4F7556}") = "SwapNumbers", "..\SwapNumbers\SwapNumbers.csproj", "{249EAF92-F508-40B6-9A26-4E9E10D7EFE8}"
EndProject
Project("{FAE04EC0-301F-11D3-BF4B-00C04F79EFBC}") = "Compare2Numbers", "..\Compare2Numbers\Compare2Numbers.csproj", "{A95DFE77-FCFA-4F40-8282-A0EE220C8875}"
EndProject
Project("{FAE04EC0-301F-11D3-BF4B-00C04F79EFBC}") = "SwitchStatement", "..\SwitchStatement\SwitchStatement.csproj", "{8E81DA8C-2BD7-4A6D-9C61-B4B93DA6705E}"
EndProject
Global
	GlobalSection(SolutionConfigurationPlatforms) = preSolution
		Debug|Any CPU = Debug|Any CPU
		Release|Any CPU = Release|Any CPU
	EndGlobalSection
	GlobalSection(ProjectConfigurationPlatforms) = postSolution
		{DB734F55-9A7F-48B9-9644-7B6A642A194E}.Debug|Any CPU.ActiveCfg = Debug|Any CPU
		{DB734F55-9A7F-48B9-9644-7B6A642A194E}.Debug|Any CPU.Build.0 = Debug|Any CPU
		{DB734F55-9A7F-48B9-9644-7B6A642A194E}.Release|Any CPU.ActiveCfg = Release|Any CPU
		{DB734F55-9A7F-48B9-9644-7B6A642A194E}.Release|Any CPU.Build.0 = Release|Any CPU
		{7CA3C3C0-2DCA-45F0-94E4-A97F25CAB970}.Debug|Any CPU.ActiveCfg = Debug|Any CPU
		{7CA3C3C0-2DCA-45F0-94E4-A97F25CAB970}.Debug|Any CPU.Build.0 = Debug|Any CPU
		{7CA3C3C0-2DCA-45F0-94E4-A97F25CAB970}.Release|Any CPU.ActiveCfg = Release|Any CPU
		{7CA3C3C0-2DCA-45F0-94E4-A97F25CAB970}.Release|Any CPU.Build.0 = Release|Any CPU
		{249EAF92-F508-40B6-9A26-4E9E10D7EFE8}.Debug|Any CPU.ActiveCfg = Debug|Any CPU
		{249EAF92-F508-40B6-9A26-4E9E10D7EFE8}.Debug|Any CPU.Build.0 = Debug|Any CPU
		{249EAF92-F508-40B6-9A26-4E9E10D7EFE8}.Release|Any CPU.ActiveCfg = Release|Any CPU
		{249EAF92-F508-40B6-9A26-4E9E10D7EFE8}.Release|Any CPU.Build.0 = Release|Any CPU
		{A95DFE77-FCFA-4F40-8282-A0EE220C8875}.Debug|Any CPU.ActiveCfg = Debug|Any CPU
		{A95DFE77-FCFA-4F40-8282-A0EE220C8875}.Debug|Any CPU.Build.0 = Debug|Any CPU
		{A95DFE77-FCFA-4F40-8282-A0EE220C8875}.Release|Any CPU.ActiveCfg = Release|Any CPU
		{A95DFE77-FCFA-4F40-8282-A0EE220C8875}.Release|Any CPU.Build.0 = Release|Any CPU
		{8E81DA8C-2BD7-4A6D-9C61-B4B93DA6705E}.Debug|Any CPU.ActiveCfg = Debug|Any CPU
		{8E81DA8C-2BD7-4A6D-9C61-B4B93DA6705E}.Debug|Any CPU.Build.0 = Debug|Any CPU
		{8E81DA8C-2BD7-4A6D-9C61-B4B93DA6705E}.Release|Any CPU.ActiveCfg = Release|Any CPU
		{8E81DA8C-2BD7-4A6D-9C61-B4B93DA6705E}.Release|Any CPU.Build.0 = Release|Any CPU
	EndGlobalSection
	GlobalSection(SolutionProperties) = preSolution
		HideSolutionNode = FALSE
	EndGlobalSection
	GlobalSection(ExtensibilityGlobals) = postSolution
		SolutionGuid = {3E40167D-ABD5-4088-8D96-39C5BE94D4C4}
	EndGlobalSection
EndGlobal
