
Microsoft Visual Studio Solution File, Format Version 12.00
# Visual Studio Version 16
VisualStudioVersion = 16.0.31112.23
MinimumVisualStudioVersion = 10.0.40219.1
Project("{FAE04EC0-301F-11D3-BF4B-00C04F79EFBC}") = "ManagementApp", "ManagementApp\ManagementApp.csproj", "{B2BF1219-326A-43D1-89D5-6EB09F326F3E}"
EndProject
Project("{FAE04EC0-301F-11D3-BF4B-00C04F79EFBC}") = "Models", "Models\Models.csproj", "{4193E406-AE88-4A72-AA6B-33D60B461664}"
EndProject
Global
	GlobalSection(SolutionConfigurationPlatforms) = preSolution
		Debug|Any CPU = Debug|Any CPU
		Release|Any CPU = Release|Any CPU
	EndGlobalSection
	GlobalSection(ProjectConfigurationPlatforms) = postSolution
		{B2BF1219-326A-43D1-89D5-6EB09F326F3E}.Debug|Any CPU.ActiveCfg = Debug|Any CPU
		{B2BF1219-326A-43D1-89D5-6EB09F326F3E}.Debug|Any CPU.Build.0 = Debug|Any CPU
		{B2BF1219-326A-43D1-89D5-6EB09F326F3E}.Release|Any CPU.ActiveCfg = Release|Any CPU
		{B2BF1219-326A-43D1-89D5-6EB09F326F3E}.Release|Any CPU.Build.0 = Release|Any CPU
		{4193E406-AE88-4A72-AA6B-33D60B461664}.Debug|Any CPU.ActiveCfg = Debug|Any CPU
		{4193E406-AE88-4A72-AA6B-33D60B461664}.Debug|Any CPU.Build.0 = Debug|Any CPU
		{4193E406-AE88-4A72-AA6B-33D60B461664}.Release|Any CPU.ActiveCfg = Release|Any CPU
		{4193E406-AE88-4A72-AA6B-33D60B461664}.Release|Any CPU.Build.0 = Release|Any CPU
	EndGlobalSection
	GlobalSection(SolutionProperties) = preSolution
		HideSolutionNode = FALSE
	EndGlobalSection
	GlobalSection(ExtensibilityGlobals) = postSolution
		SolutionGuid = {43271E23-9839-44D3-A88B-5CB56E02EB6C}
	EndGlobalSection
EndGlobal
