
Microsoft Visual Studio Solution File, Format Version 12.00
# Visual Studio Version 16
VisualStudioVersion = 16.0.31112.23
MinimumVisualStudioVersion = 10.0.40219.1
Project("{FAE04EC0-301F-11D3-BF4B-00C04F79EFBC}") = "CarExercise", "CarExercise\CarExercise.csproj", "{8690B4FF-8874-4FD3-A671-D5D3F260F513}"
EndProject
Global
	GlobalSection(SolutionConfigurationPlatforms) = preSolution
		Debug|Any CPU = Debug|Any CPU
		Release|Any CPU = Release|Any CPU
	EndGlobalSection
	GlobalSection(ProjectConfigurationPlatforms) = postSolution
		{8690B4FF-8874-4FD3-A671-D5D3F260F513}.Debug|Any CPU.ActiveCfg = Debug|Any CPU
		{8690B4FF-8874-4FD3-A671-D5D3F260F513}.Debug|Any CPU.Build.0 = Debug|Any CPU
		{8690B4FF-8874-4FD3-A671-D5D3F260F513}.Release|Any CPU.ActiveCfg = Release|Any CPU
		{8690B4FF-8874-4FD3-A671-D5D3F260F513}.Release|Any CPU.Build.0 = Release|Any CPU
	EndGlobalSection
	GlobalSection(SolutionProperties) = preSolution
		HideSolutionNode = FALSE
	EndGlobalSection
	GlobalSection(ExtensibilityGlobals) = postSolution
		SolutionGuid = {72405EC0-3227-45DC-BBC5-686897F5BD3B}
	EndGlobalSection
EndGlobal
